
Microsoft Visual Studio Solution File, Format Version 12.00
# Visual Studio Version 17
VisualStudioVersion = 17.10.35013.160
MinimumVisualStudioVersion = 10.0.40219.1
Project("{FAE04EC0-301F-11D3-BF4B-00C04F79EFBC}") = "WebApplication1", "WebApplication1\WebApplication1.csproj", "{583FC07A-0B74-4D0E-8651-0AB641C7A289}"
EndProject
Global
	GlobalSection(SolutionConfigurationPlatforms) = preSolution
		Debug|Any CPU = Debug|Any CPU
		Release|Any CPU = Release|Any CPU
	EndGlobalSection
	GlobalSection(ProjectConfigurationPlatforms) = postSolution
		{583FC07A-0B74-4D0E-8651-0AB641C7A289}.Debug|Any CPU.ActiveCfg = Debug|Any CPU
		{583FC07A-0B74-4D0E-8651-0AB641C7A289}.Debug|Any CPU.Build.0 = Debug|Any CPU
		{583FC07A-0B74-4D0E-8651-0AB641C7A289}.Release|Any CPU.ActiveCfg = Release|Any CPU
		{583FC07A-0B74-4D0E-8651-0AB641C7A289}.Release|Any CPU.Build.0 = Release|Any CPU
	EndGlobalSection
	GlobalSection(SolutionProperties) = preSolution
		HideSolutionNode = FALSE
	EndGlobalSection
	GlobalSection(ExtensibilityGlobals) = postSolution
		SolutionGuid = {5CB62B7B-384D-40C3-8807-FB0F00B60C6E}
	EndGlobalSection
EndGlobal
